// !$*UTF8*$!
{
	archiveVersion = 1;
	classes = {
	};
	objectVersion = 46;
	objects = {

/* Begin PBXBuildFile section */
		F02637B819E9257800626AF9 /* ALImageCutManager.m in Sources */ = {isa = PBXBuildFile; fileRef = F02637B719E9257800626AF9 /* ALImageCutManager.m */; };
		F03CEFA319F75F990071E7B3 /* MBProgressHUD+Utility.m in Sources */ = {isa = PBXBuildFile; fileRef = F03CEFA019F75F990071E7B3 /* MBProgressHUD+Utility.m */; };
		F03CEFA419F75F990071E7B3 /* MBProgressHUD.m in Sources */ = {isa = PBXBuildFile; fileRef = F03CEFA219F75F990071E7B3 /* MBProgressHUD.m */; };
		F0A45FCD19E76B3800C6E607 /* main.m in Sources */ = {isa = PBXBuildFile; fileRef = F0A45FCC19E76B3800C6E607 /* main.m */; };
		F0A45FD019E76B3800C6E607 /* AppDelegate.m in Sources */ = {isa = PBXBuildFile; fileRef = F0A45FCF19E76B3800C6E607 /* AppDelegate.m */; };
		F0A45FD319E76B3800C6E607 /* ViewController.m in Sources */ = {isa = PBXBuildFile; fileRef = F0A45FD219E76B3800C6E607 /* ViewController.m */; };
		F0A45FD619E76B3800C6E607 /* Main.storyboard in Resources */ = {isa = PBXBuildFile; fileRef = F0A45FD419E76B3800C6E607 /* Main.storyboard */; };
		F0A45FD819E76B3800C6E607 /* Images.xcassets in Resources */ = {isa = PBXBuildFile; fileRef = F0A45FD719E76B3800C6E607 /* Images.xcassets */; };
		F0A45FE719E76B3800C6E607 /* imageCutTests.m in Sources */ = {isa = PBXBuildFile; fileRef = F0A45FE619E76B3800C6E607 /* imageCutTests.m */; };
		F0A45FF119E76D5B00C6E607 /* MobileCoreServices.framework in Frameworks */ = {isa = PBXBuildFile; fileRef = F0A45FF019E76D5B00C6E607 /* MobileCoreServices.framework */; };
		F0CF78A319F10B6800069E79 /* ALCutCollectionViewCell.m in Sources */ = {isa = PBXBuildFile; fileRef = F0CF78A119F10B6800069E79 /* ALCutCollectionViewCell.m */; };
		F0CF78A419F10B6800069E79 /* ALCutCollectionViewCell.xib in Resources */ = {isa = PBXBuildFile; fileRef = F0CF78A219F10B6800069E79 /* ALCutCollectionViewCell.xib */; };
		F0CF78AD19F10C2400069E79 /* ALPlatformCollectionViewCell.m in Sources */ = {isa = PBXBuildFile; fileRef = F0CF78AB19F10C2400069E79 /* ALPlatformCollectionViewCell.m */; };
		F0CF78AE19F10C2400069E79 /* ALPlatformCollectionViewCell.xib in Resources */ = {isa = PBXBuildFile; fileRef = F0CF78AC19F10C2400069E79 /* ALPlatformCollectionViewCell.xib */; };
		F0CF78B119F10FDD00069E79 /* ALTools.m in Sources */ = {isa = PBXBuildFile; fileRef = F0CF78B019F10FDD00069E79 /* ALTools.m */; };
/* End PBXBuildFile section */

/* Begin PBXContainerItemProxy section */
		F0A45FE119E76B3800C6E607 /* PBXContainerItemProxy */ = {
			isa = PBXContainerItemProxy;
			containerPortal = F0A45FBF19E76B3800C6E607 /* Project object */;
			proxyType = 1;
			remoteGlobalIDString = F0A45FC619E76B3800C6E607;
			remoteInfo = imageCut;
		};
/* End PBXContainerItemProxy section */

/* Begin PBXFileReference section */
		F02637B619E9257800626AF9 /* ALImageCutManager.h */ = {isa = PBXFileReference; fileEncoding = 4; lastKnownFileType = sourcecode.c.h; path = ALImageCutManager.h; sourceTree = "<group>"; };
		F02637B719E9257800626AF9 /* ALImageCutManager.m */ = {isa = PBXFileReference; fileEncoding = 4; lastKnownFileType = sourcecode.c.objc; path = ALImageCutManager.m; sourceTree = "<group>"; };
		F03CEF9F19F75F990071E7B3 /* MBProgressHUD+Utility.h */ = {isa = PBXFileReference; fileEncoding = 4; lastKnownFileType = sourcecode.c.h; path = "MBProgressHUD+Utility.h"; sourceTree = "<group>"; };
		F03CEFA019F75F990071E7B3 /* MBProgressHUD+Utility.m */ = {isa = PBXFileReference; fileEncoding = 4; lastKnownFileType = sourcecode.c.objc; path = "MBProgressHUD+Utility.m"; sourceTree = "<group>"; };
		F03CEFA119F75F990071E7B3 /* MBProgressHUD.h */ = {isa = PBXFileReference; fileEncoding = 4; lastKnownFileType = sourcecode.c.h; path = MBProgressHUD.h; sourceTree = "<group>"; };
		F03CEFA219F75F990071E7B3 /* MBProgressHUD.m */ = {isa = PBXFileReference; fileEncoding = 4; lastKnownFileType = sourcecode.c.objc; path = MBProgressHUD.m; sourceTree = "<group>"; };
		F0A45FC719E76B3800C6E607 /* imageCut.app */ = {isa = PBXFileReference; explicitFileType = wrapper.application; includeInIndex = 0; path = imageCut.app; sourceTree = BUILT_PRODUCTS_DIR; };
		F0A45FCB19E76B3800C6E607 /* Info.plist */ = {isa = PBXFileReference; lastKnownFileType = text.plist.xml; path = Info.plist; sourceTree = "<group>"; };
		F0A45FCC19E76B3800C6E607 /* main.m */ = {isa = PBXFileReference; lastKnownFileType = sourcecode.c.objc; path = main.m; sourceTree = "<group>"; };
		F0A45FCE19E76B3800C6E607 /* AppDelegate.h */ = {isa = PBXFileReference; lastKnownFileType = sourcecode.c.h; path = AppDelegate.h; sourceTree = "<group>"; };
		F0A45FCF19E76B3800C6E607 /* AppDelegate.m */ = {isa = PBXFileReference; lastKnownFileType = sourcecode.c.objc; path = AppDelegate.m; sourceTree = "<group>"; };
		F0A45FD119E76B3800C6E607 /* ViewController.h */ = {isa = PBXFileReference; lastKnownFileType = sourcecode.c.h; path = ViewController.h; sourceTree = "<group>"; };
		F0A45FD219E76B3800C6E607 /* ViewController.m */ = {isa = PBXFileReference; lastKnownFileType = sourcecode.c.objc; path = ViewController.m; sourceTree = "<group>"; };
		F0A45FD519E76B3800C6E607 /* Base */ = {isa = PBXFileReference; lastKnownFileType = file.storyboard; name = Base; path = Base.lproj/Main.storyboard; sourceTree = "<group>"; };
		F0A45FD719E76B3800C6E607 /* Images.xcassets */ = {isa = PBXFileReference; lastKnownFileType = folder.assetcatalog; path = Images.xcassets; sourceTree = "<group>"; };
		F0A45FE019E76B3800C6E607 /* imageCutTests.xctest */ = {isa = PBXFileReference; explicitFileType = wrapper.cfbundle; includeInIndex = 0; path = imageCutTests.xctest; sourceTree = BUILT_PRODUCTS_DIR; };
		F0A45FE519E76B3800C6E607 /* Info.plist */ = {isa = PBXFileReference; lastKnownFileType = text.plist.xml; path = Info.plist; sourceTree = "<group>"; };
		F0A45FE619E76B3800C6E607 /* imageCutTests.m */ = {isa = PBXFileReference; lastKnownFileType = sourcecode.c.objc; path = imageCutTests.m; sourceTree = "<group>"; };
		F0A45FF019E76D5B00C6E607 /* MobileCoreServices.framework */ = {isa = PBXFileReference; lastKnownFileType = wrapper.framework; name = MobileCoreServices.framework; path = System/Library/Frameworks/MobileCoreServices.framework; sourceTree = SDKROOT; };
		F0CF78A019F10B6800069E79 /* ALCutCollectionViewCell.h */ = {isa = PBXFileReference; fileEncoding = 4; lastKnownFileType = sourcecode.c.h; path = ALCutCollectionViewCell.h; sourceTree = "<group>"; };
		F0CF78A119F10B6800069E79 /* ALCutCollectionViewCell.m */ = {isa = PBXFileReference; fileEncoding = 4; lastKnownFileType = sourcecode.c.objc; path = ALCutCollectionViewCell.m; sourceTree = "<group>"; };
		F0CF78A219F10B6800069E79 /* ALCutCollectionViewCell.xib */ = {isa = PBXFileReference; fileEncoding = 4; lastKnownFileType = file.xib; path = ALCutCollectionViewCell.xib; sourceTree = "<group>"; };
		F0CF78AA19F10C2400069E79 /* ALPlatformCollectionViewCell.h */ = {isa = PBXFileReference; fileEncoding = 4; lastKnownFileType = sourcecode.c.h; path = ALPlatformCollectionViewCell.h; sourceTree = "<group>"; };
		F0CF78AB19F10C2400069E79 /* ALPlatformCollectionViewCell.m */ = {isa = PBXFileReference; fileEncoding = 4; lastKnownFileType = sourcecode.c.objc; path = ALPlatformCollectionViewCell.m; sourceTree = "<group>"; };
		F0CF78AC19F10C2400069E79 /* ALPlatformCollectionViewCell.xib */ = {isa = PBXFileReference; fileEncoding = 4; lastKnownFileType = file.xib; path = ALPlatformCollectionViewCell.xib; sourceTree = "<group>"; };
		F0CF78AF19F10FDD00069E79 /* ALTools.h */ = {isa = PBXFileReference; fileEncoding = 4; lastKnownFileType = sourcecode.c.h; path = ALTools.h; sourceTree = "<group>"; };
		F0CF78B019F10FDD00069E79 /* ALTools.m */ = {isa = PBXFileReference; fileEncoding = 4; lastKnownFileType = sourcecode.c.objc; path = ALTools.m; sourceTree = "<group>"; };
/* End PBXFileReference section */

/* Begin PBXFrameworksBuildPhase section */
		F0A45FC419E76B3800C6E607 /* Frameworks */ = {
			isa = PBXFrameworksBuildPhase;
			buildActionMask = 2147483647;
			files = (
				F0A45FF119E76D5B00C6E607 /* MobileCoreServices.framework in Frameworks */,
			);
			runOnlyForDeploymentPostprocessing = 0;
		};
		F0A45FDD19E76B3800C6E607 /* Frameworks */ = {
			isa = PBXFrameworksBuildPhase;
			buildActionMask = 2147483647;
			files = (
			);
			runOnlyForDeploymentPostprocessing = 0;
		};
/* End PBXFrameworksBuildPhase section */

/* Begin PBXGroup section */
		F02637B519E9247600626AF9 /* Class */ = {
			isa = PBXGroup;
			children = (
				F0CF78A019F10B6800069E79 /* ALCutCollectionViewCell.h */,
				F0CF78A119F10B6800069E79 /* ALCutCollectionViewCell.m */,
				F0CF78A219F10B6800069E79 /* ALCutCollectionViewCell.xib */,
				F02637B619E9257800626AF9 /* ALImageCutManager.h */,
				F02637B719E9257800626AF9 /* ALImageCutManager.m */,
				F0CF78AA19F10C2400069E79 /* ALPlatformCollectionViewCell.h */,
				F0CF78AB19F10C2400069E79 /* ALPlatformCollectionViewCell.m */,
				F0CF78AC19F10C2400069E79 /* ALPlatformCollectionViewCell.xib */,
				F0CF78AF19F10FDD00069E79 /* ALTools.h */,
				F0CF78B019F10FDD00069E79 /* ALTools.m */,
			);
			path = Class;
			sourceTree = "<group>";
		};
		F03CEF9D19F75F0A0071E7B3 /* OtherClass */ = {
			isa = PBXGroup;
			children = (
				F03CEF9E19F75F990071E7B3 /* MBProgressHUD */,
			);
			path = OtherClass;
			sourceTree = "<group>";
		};
		F03CEF9E19F75F990071E7B3 /* MBProgressHUD */ = {
			isa = PBXGroup;
			children = (
				F03CEF9F19F75F990071E7B3 /* MBProgressHUD+Utility.h */,
				F03CEFA019F75F990071E7B3 /* MBProgressHUD+Utility.m */,
				F03CEFA119F75F990071E7B3 /* MBProgressHUD.h */,
				F03CEFA219F75F990071E7B3 /* MBProgressHUD.m */,
			);
			path = MBProgressHUD;
			sourceTree = "<group>";
		};
		F0A45FBE19E76B3800C6E607 = {
			isa = PBXGroup;
			children = (
				F03CEF9D19F75F0A0071E7B3 /* OtherClass */,
				F0A45FF019E76D5B00C6E607 /* MobileCoreServices.framework */,
				F02637B519E9247600626AF9 /* Class */,
				F0A45FC919E76B3800C6E607 /* imageCut */,
				F0A45FE319E76B3800C6E607 /* imageCutTests */,
				F0A45FC819E76B3800C6E607 /* Products */,
			);
			sourceTree = "<group>";
		};
		F0A45FC819E76B3800C6E607 /* Products */ = {
			isa = PBXGroup;
			children = (
				F0A45FC719E76B3800C6E607 /* imageCut.app */,
				F0A45FE019E76B3800C6E607 /* imageCutTests.xctest */,
			);
			name = Products;
			sourceTree = "<group>";
		};
		F0A45FC919E76B3800C6E607 /* imageCut */ = {
			isa = PBXGroup;
			children = (
				F0A45FCE19E76B3800C6E607 /* AppDelegate.h */,
				F0A45FCF19E76B3800C6E607 /* AppDelegate.m */,
				F0A45FD119E76B3800C6E607 /* ViewController.h */,
				F0A45FD219E76B3800C6E607 /* ViewController.m */,
				F0A45FD419E76B3800C6E607 /* Main.storyboard */,
				F0A45FD719E76B3800C6E607 /* Images.xcassets */,
				F0A45FCA19E76B3800C6E607 /* Supporting Files */,
			);
			path = imageCut;
			sourceTree = "<group>";
		};
		F0A45FCA19E76B3800C6E607 /* Supporting Files */ = {
			isa = PBXGroup;
			children = (
				F0A45FCB19E76B3800C6E607 /* Info.plist */,
				F0A45FCC19E76B3800C6E607 /* main.m */,
			);
			name = "Supporting Files";
			sourceTree = "<group>";
		};
		F0A45FE319E76B3800C6E607 /* imageCutTests */ = {
			isa = PBXGroup;
			children = (
				F0A45FE619E76B3800C6E607 /* imageCutTests.m */,
				F0A45FE419E76B3800C6E607 /* Supporting Files */,
			);
			path = imageCutTests;
			sourceTree = "<group>";
		};
		F0A45FE419E76B3800C6E607 /* Supporting Files */ = {
			isa = PBXGroup;
			children = (
				F0A45FE519E76B3800C6E607 /* Info.plist */,
			);
			name = "Supporting Files";
			sourceTree = "<group>";
		};
/* End PBXGroup section */

/* Begin PBXNativeTarget section */
		F0A45FC619E76B3800C6E607 /* imageCut */ = {
			isa = PBXNativeTarget;
			buildConfigurationList = F0A45FEA19E76B3800C6E607 /* Build configuration list for PBXNativeTarget "imageCut" */;
			buildPhases = (
				F0A45FC319E76B3800C6E607 /* Sources */,
				F0A45FC419E76B3800C6E607 /* Frameworks */,
				F0A45FC519E76B3800C6E607 /* Resources */,
			);
			buildRules = (
			);
			dependencies = (
			);
			name = imageCut;
			productName = imageCut;
			productReference = F0A45FC719E76B3800C6E607 /* imageCut.app */;
			productType = "com.apple.product-type.application";
		};
		F0A45FDF19E76B3800C6E607 /* imageCutTests */ = {
			isa = PBXNativeTarget;
			buildConfigurationList = F0A45FED19E76B3800C6E607 /* Build configuration list for PBXNativeTarget "imageCutTests" */;
			buildPhases = (
				F0A45FDC19E76B3800C6E607 /* Sources */,
				F0A45FDD19E76B3800C6E607 /* Frameworks */,
				F0A45FDE19E76B3800C6E607 /* Resources */,
			);
			buildRules = (
			);
			dependencies = (
				F0A45FE219E76B3800C6E607 /* PBXTargetDependency */,
			);
			name = imageCutTests;
			productName = imageCutTests;
			productReference = F0A45FE019E76B3800C6E607 /* imageCutTests.xctest */;
			productType = "com.apple.product-type.bundle.unit-test";
		};
/* End PBXNativeTarget section */

/* Begin PBXProject section */
		F0A45FBF19E76B3800C6E607 /* Project object */ = {
			isa = PBXProject;
			attributes = {
				LastUpgradeCheck = 0600;
				ORGANIZATIONNAME = Qoocc;
				TargetAttributes = {
					F0A45FC619E76B3800C6E607 = {
						CreatedOnToolsVersion = 6.0.1;
						DevelopmentTeam = UF54W4LE7W;
					};
					F0A45FDF19E76B3800C6E607 = {
						CreatedOnToolsVersion = 6.0.1;
						TestTargetID = F0A45FC619E76B3800C6E607;
					};
				};
			};
			buildConfigurationList = F0A45FC219E76B3800C6E607 /* Build configuration list for PBXProject "imageCut" */;
			compatibilityVersion = "Xcode 3.2";
			developmentRegion = English;
			hasScannedForEncodings = 0;
			knownRegions = (
				en,
				Base,
			);
			mainGroup = F0A45FBE19E76B3800C6E607;
			productRefGroup = F0A45FC819E76B3800C6E607 /* Products */;
			projectDirPath = "";
			projectRoot = "";
			targets = (
				F0A45FC619E76B3800C6E607 /* imageCut */,
				F0A45FDF19E76B3800C6E607 /* imageCutTests */,
			);
		};
/* End PBXProject section */

/* Begin PBXResourcesBuildPhase section */
		F0A45FC519E76B3800C6E607 /* Resources */ = {
			isa = PBXResourcesBuildPhase;
			buildActionMask = 2147483647;
			files = (
				F0CF78AE19F10C2400069E79 /* ALPlatformCollectionViewCell.xib in Resources */,
				F0CF78A419F10B6800069E79 /* ALCutCollectionViewCell.xib in Resources */,
				F0A45FD619E76B3800C6E607 /* Main.storyboard in Resources */,
				F0A45FD819E76B3800C6E607 /* Images.xcassets in Resources */,
			);
			runOnlyForDeploymentPostprocessing = 0;
		};
		F0A45FDE19E76B3800C6E607 /* Resources */ = {
			isa = PBXResourcesBuildPhase;
			buildActionMask = 2147483647;
			files = (
			);
			runOnlyForDeploymentPostprocessing = 0;
		};
/* End PBXResourcesBuildPhase section */

/* Begin PBXSourcesBuildPhase section */
		F0A45FC319E76B3800C6E607 /* Sources */ = {
			isa = PBXSourcesBuildPhase;
			buildActionMask = 2147483647;
			files = (
				F0CF78B119F10FDD00069E79 /* ALTools.m in Sources */,
				F0A45FD319E76B3800C6E607 /* ViewController.m in Sources */,
				F0CF78A319F10B6800069E79 /* ALCutCollectionViewCell.m in Sources */,
				F0CF78AD19F10C2400069E79 /* ALPlatformCollectionViewCell.m in Sources */,
				F03CEFA419F75F990071E7B3 /* MBProgressHUD.m in Sources */,
				F02637B819E9257800626AF9 /* ALImageCutManager.m in Sources */,
				F0A45FD019E76B3800C6E607 /* AppDelegate.m in Sources */,
				F03CEFA319F75F990071E7B3 /* MBProgressHUD+Utility.m in Sources */,
				F0A45FCD19E76B3800C6E607 /* main.m in Sources */,
			);
			runOnlyForDeploymentPostprocessing = 0;
		};
		F0A45FDC19E76B3800C6E607 /* Sources */ = {
			isa = PBXSourcesBuildPhase;
			buildActionMask = 2147483647;
			files = (
				F0A45FE719E76B3800C6E607 /* imageCutTests.m in Sources */,
			);
			runOnlyForDeploymentPostprocessing = 0;
		};
/* End PBXSourcesBuildPhase section */

/* Begin PBXTargetDependency section */
		F0A45FE219E76B3800C6E607 /* PBXTargetDependency */ = {
			isa = PBXTargetDependency;
			target = F0A45FC619E76B3800C6E607 /* imageCut */;
			targetProxy = F0A45FE119E76B3800C6E607 /* PBXContainerItemProxy */;
		};
/* End PBXTargetDependency section */

/* Begin PBXVariantGroup section */
		F0A45FD419E76B3800C6E607 /* Main.storyboard */ = {
			isa = PBXVariantGroup;
			children = (
				F0A45FD519E76B3800C6E607 /* Base */,
			);
			name = Main.storyboard;
			sourceTree = "<group>";
		};
/* End PBXVariantGroup section */

/* Begin XCBuildConfiguration section */
		F0A45FE819E76B3800C6E607 /* Debug */ = {
			isa = XCBuildConfiguration;
			buildSettings = {
				ALWAYS_SEARCH_USER_PATHS = NO;
				CLANG_CXX_LANGUAGE_STANDARD = "gnu++0x";
				CLANG_CXX_LIBRARY = "libc++";
				CLANG_ENABLE_MODULES = YES;
				CLANG_ENABLE_OBJC_ARC = YES;
				CLANG_WARN_BOOL_CONVERSION = YES;
				CLANG_WARN_CONSTANT_CONVERSION = YES;
				CLANG_WARN_DIRECT_OBJC_ISA_USAGE = YES_ERROR;
				CLANG_WARN_EMPTY_BODY = YES;
				CLANG_WARN_ENUM_CONVERSION = YES;
				CLANG_WARN_INT_CONVERSION = YES;
				CLANG_WARN_OBJC_ROOT_CLASS = YES_ERROR;
				CLANG_WARN_UNREACHABLE_CODE = YES;
				CLANG_WARN__DUPLICATE_METHOD_MATCH = YES;
				"CODE_SIGN_IDENTITY[sdk=iphoneos*]" = "iPhone Developer";
				COPY_PHASE_STRIP = NO;
				ENABLE_STRICT_OBJC_MSGSEND = YES;
				GCC_C_LANGUAGE_STANDARD = gnu99;
				GCC_DYNAMIC_NO_PIC = NO;
				GCC_OPTIMIZATION_LEVEL = 0;
				GCC_PREPROCESSOR_DEFINITIONS = (
					"DEBUG=1",
					"$(inherited)",
				);
				GCC_SYMBOLS_PRIVATE_EXTERN = NO;
				GCC_WARN_64_TO_32_BIT_CONVERSION = YES;
				GCC_WARN_ABOUT_RETURN_TYPE = YES_ERROR;
				GCC_WARN_UNDECLARED_SELECTOR = YES;
				GCC_WARN_UNINITIALIZED_AUTOS = YES_AGGRESSIVE;
				GCC_WARN_UNUSED_FUNCTION = YES;
				GCC_WARN_UNUSED_VARIABLE = YES;
				IPHONEOS_DEPLOYMENT_TARGET = 8.0;
				MTL_ENABLE_DEBUG_INFO = YES;
				ONLY_ACTIVE_ARCH = YES;
				SDKROOT = iphoneos;
			};
			name = Debug;
		};
		F0A45FE919E76B3800C6E607 /* Release */ = {
			isa = XCBuildConfiguration;
			buildSettings = {
				ALWAYS_SEARCH_USER_PATHS = NO;
				CLANG_CXX_LANGUAGE_STANDARD = "gnu++0x";
				CLANG_CXX_LIBRARY = "libc++";
				CLANG_ENABLE_MODULES = YES;
				CLANG_ENABLE_OBJC_ARC = YES;
				CLANG_WARN_BOOL_CONVERSION = YES;
				CLANG_WARN_CONSTANT_CONVERSION = YES;
				CLANG_WARN_DIRECT_OBJC_ISA_USAGE = YES_ERROR;
				CLANG_WARN_EMPTY_BODY = YES;
				CLANG_WARN_ENUM_CONVERSION = YES;
				CLANG_WARN_INT_CONVERSION = YES;
				CLANG_WARN_OBJC_ROOT_CLASS = YES_ERROR;
				CLANG_WARN_UNREACHABLE_CODE = YES;
				CLANG_WARN__DUPLICATE_METHOD_MATCH = YES;
				"CODE_SIGN_IDENTITY[sdk=iphoneos*]" = "iPhone Developer";
				COPY_PHASE_STRIP = YES;
				ENABLE_NS_ASSERTIONS = NO;
				ENABLE_STRICT_OBJC_MSGSEND = YES;
				GCC_C_LANGUAGE_STANDARD = gnu99;
				GCC_WARN_64_TO_32_BIT_CONVERSION = YES;
				GCC_WARN_ABOUT_RETURN_TYPE = YES_ERROR;
				GCC_WARN_UNDECLARED_SELECTOR = YES;
				GCC_WARN_UNINITIALIZED_AUTOS = YES_AGGRESSIVE;
				GCC_WARN_UNUSED_FUNCTION = YES;
				GCC_WARN_UNUSED_VARIABLE = YES;
				IPHONEOS_DEPLOYMENT_TARGET = 8.0;
				MTL_ENABLE_DEBUG_INFO = NO;
				SDKROOT = iphoneos;
				VALIDATE_PRODUCT = YES;
			};
			name = Release;
		};
		F0A45FEB19E76B3800C6E607 /* Debug */ = {
			isa = XCBuildConfiguration;
			buildSettings = {
				ASSETCATALOG_COMPILER_APPICON_NAME = AppIcon;
				ASSETCATALOG_COMPILER_LAUNCHIMAGE_NAME = LaunchImage;
				CODE_SIGN_IDENTITY = "iPhone Developer";
				"CODE_SIGN_IDENTITY[sdk=iphoneos*]" = "iPhone Developer";
				INFOPLIST_FILE = imageCut/Info.plist;
				IPHONEOS_DEPLOYMENT_TARGET = 7.0;
				LD_RUNPATH_SEARCH_PATHS = "$(inherited) @executable_path/Frameworks";
				PRODUCT_NAME = "$(TARGET_NAME)";
				PROVISIONING_PROFILE = "2d7c8ae7-7d61-451f-bf0c-5b034d7c8904";
				VALIDATE_PRODUCT = NO;
			};
			name = Debug;
		};
		F0A45FEC19E76B3800C6E607 /* Release */ = {
			isa = XCBuildConfiguration;
			buildSettings = {
				ASSETCATALOG_COMPILER_APPICON_NAME = AppIcon;
				ASSETCATALOG_COMPILER_LAUNCHIMAGE_NAME = LaunchImage;
				CODE_SIGN_IDENTITY = "iPhone Distribution: Gu Jinyou (UF54W4LE7W)";
				"CODE_SIGN_IDENTITY[sdk=iphoneos*]" = "iPhone Distribution: Gu Jinyou (UF54W4LE7W)";
				INFOPLIST_FILE = imageCut/Info.plist;
				IPHONEOS_DEPLOYMENT_TARGET = 7.0;
				LD_RUNPATH_SEARCH_PATHS = "$(inherited) @executable_path/Frameworks";
				PRODUCT_NAME = "$(TARGET_NAME)";
				PROVISIONING_PROFILE = "2d7c8ae7-7d61-451f-bf0c-5b034d7c8904";
				VALIDATE_PRODUCT = YES;
			};
			name = Release;
		};
		F0A45FEE19E76B3800C6E607 /* Debug */ = {
			isa = XCBuildConfiguration;
			buildSettings = {
				BUNDLE_LOADER = "$(TEST_HOST)";
				FRAMEWORK_SEARCH_PATHS = (
					"$(SDKROOT)/Developer/Library/Frameworks",
					"$(inherited)",
				);
				GCC_PREPROCESSOR_DEFINITIONS = (
					"DEBUG=1",
					"$(inherited)",
				);
				INFOPLIST_FILE = imageCutTests/Info.plist;
				LD_RUNPATH_SEARCH_PATHS = "$(inherited) @executable_path/Frameworks @loader_path/Frameworks";
				PRODUCT_NAME = "$(TARGET_NAME)";
				TEST_HOST = "$(BUILT_PRODUCTS_DIR)/imageCut.app/imageCut";
			};
			name = Debug;
		};
		F0A45FEF19E76B3800C6E607 /* Release */ = {
			isa = XCBuildConfiguration;
			buildSettings = {
				BUNDLE_LOADER = "$(TEST_HOST)";
				FRAMEWORK_SEARCH_PATHS = (
					"$(SDKROOT)/Developer/Library/Frameworks",
					"$(inherited)",
				);
				INFOPLIST_FILE = imageCutTests/Info.plist;
				LD_RUNPATH_SEARCH_PATHS = "$(inherited) @executable_path/Frameworks @loader_path/Frameworks";
				PRODUCT_NAME = "$(TARGET_NAME)";
				TEST_HOST = "$(BUILT_PRODUCTS_DIR)/imageCut.app/imageCut";
			};
			name = Release;
		};
/* End XCBuildConfiguration section */

/* Begin XCConfigurationList section */
		F0A45FC219E76B3800C6E607 /* Build configuration list for PBXProject "imageCut" */ = {
			isa = XCConfigurationList;
			buildConfigurations = (
				F0A45FE819E76B3800C6E607 /* Debug */,
				F0A45FE919E76B3800C6E607 /* Release */,
			);
			defaultConfigurationIsVisible = 0;
			defaultConfigurationName = Release;
		};
		F0A45FEA19E76B3800C6E607 /* Build configuration list for PBXNativeTarget "imageCut" */ = {
			isa = XCConfigurationList;
			buildConfigurations = (
				F0A45FEB19E76B3800C6E607 /* Debug */,
				F0A45FEC19E76B3800C6E607 /* Release */,
			);
			defaultConfigurationIsVisible = 0;
			defaultConfigurationName = Release;
		};
		F0A45FED19E76B3800C6E607 /* Build configuration list for PBXNativeTarget "imageCutTests" */ = {
			isa = XCConfigurationList;
			buildConfigurations = (
				F0A45FEE19E76B3800C6E607 /* Debug */,
				F0A45FEF19E76B3800C6E607 /* Release */,
			);
			defaultConfigurationIsVisible = 0;
			defaultConfigurationName = Release;
		};
/* End XCConfigurationList section */
	};
	rootObject = F0A45FBF19E76B3800C6E607 /* Project object */;
}
